
Microsoft Visual Studio Solution File, Format Version 12.00
# Visual Studio 15
VisualStudioVersion = 15.0.28307.572
MinimumVisualStudioVersion = 10.0.40219.1
Project("{FAE04EC0-301F-11D3-BF4B-00C04F79EFBC}") = "GCalc", "GCalc\GCalc.csproj", "{8F0297D7-F714-4CAC-BFCF-FF1E6D09E34B}"
EndProject
Project("{FAE04EC0-301F-11D3-BF4B-00C04F79EFBC}") = "Liber", "..\..\..\Documents\SharpDevelop Projects\ReiynC\Liber\Liber.csproj", "{BFFDDCC2-8FCE-4336-881C-48F899867773}"
EndProject
Global
	GlobalSection(SolutionConfigurationPlatforms) = preSolution
		Debug|Any CPU = Debug|Any CPU
		Release|Any CPU = Release|Any CPU
	EndGlobalSection
	GlobalSection(ProjectConfigurationPlatforms) = postSolution
		{8F0297D7-F714-4CAC-BFCF-FF1E6D09E34B}.Debug|Any CPU.ActiveCfg = Debug|Any CPU
		{8F0297D7-F714-4CAC-BFCF-FF1E6D09E34B}.Debug|Any CPU.Build.0 = Debug|Any CPU
		{8F0297D7-F714-4CAC-BFCF-FF1E6D09E34B}.Release|Any CPU.ActiveCfg = Release|Any CPU
		{8F0297D7-F714-4CAC-BFCF-FF1E6D09E34B}.Release|Any CPU.Build.0 = Release|Any CPU
		{BFFDDCC2-8FCE-4336-881C-48F899867773}.Debug|Any CPU.ActiveCfg = Debug|Any CPU
		{BFFDDCC2-8FCE-4336-881C-48F899867773}.Debug|Any CPU.Build.0 = Debug|Any CPU
		{BFFDDCC2-8FCE-4336-881C-48F899867773}.Release|Any CPU.ActiveCfg = Release|Any CPU
		{BFFDDCC2-8FCE-4336-881C-48F899867773}.Release|Any CPU.Build.0 = Release|Any CPU
	EndGlobalSection
	GlobalSection(SolutionProperties) = preSolution
		HideSolutionNode = FALSE
	EndGlobalSection
	GlobalSection(ExtensibilityGlobals) = postSolution
		SolutionGuid = {957C4626-107C-4F12-8123-8153BC21A182}
	EndGlobalSection
EndGlobal
